
Microsoft Visual Studio Solution File, Format Version 12.00
Project("{FAE04EC0-301F-11D3-BF4B-00C04F79EFBC}") = "DotNet8Authentication", "DotNet8Authentication.csproj", "{962AAA5F-72AD-467C-AFA3-3035FF6DC588}"
EndProject
Global
	GlobalSection(SolutionConfigurationPlatforms) = preSolution
		Debug|Any CPU = Debug|Any CPU
		Release|Any CPU = Release|Any CPU
	EndGlobalSection
	GlobalSection(ProjectConfigurationPlatforms) = postSolution
		{962AAA5F-72AD-467C-AFA3-3035FF6DC588}.Debug|Any CPU.ActiveCfg = Debug|Any CPU
		{962AAA5F-72AD-467C-AFA3-3035FF6DC588}.Debug|Any CPU.Build.0 = Debug|Any CPU
		{962AAA5F-72AD-467C-AFA3-3035FF6DC588}.Release|Any CPU.ActiveCfg = Release|Any CPU
		{962AAA5F-72AD-467C-AFA3-3035FF6DC588}.Release|Any CPU.Build.0 = Release|Any CPU
	EndGlobalSection
EndGlobal
